
Microsoft Visual Studio Solution File, Format Version 12.00
# Visual Studio Version 17
VisualStudioVersion = 17.5.33530.505
MinimumVisualStudioVersion = 10.0.40219.1
Project("{FAE04EC0-301F-11D3-BF4B-00C04F79EFBC}") = "ASP-NET-Contacts-List", "ASP-NET-Contacts-List\ASP-NET-Contacts-List.csproj", "{9B178F57-CEFE-4BB9-BC3E-C5E4FB31BA82}"
EndProject
Global
	GlobalSection(SolutionConfigurationPlatforms) = preSolution
		Debug|Any CPU = Debug|Any CPU
		Release|Any CPU = Release|Any CPU
	EndGlobalSection
	GlobalSection(ProjectConfigurationPlatforms) = postSolution
		{9B178F57-CEFE-4BB9-BC3E-C5E4FB31BA82}.Debug|Any CPU.ActiveCfg = Debug|Any CPU
		{9B178F57-CEFE-4BB9-BC3E-C5E4FB31BA82}.Debug|Any CPU.Build.0 = Debug|Any CPU
		{9B178F57-CEFE-4BB9-BC3E-C5E4FB31BA82}.Release|Any CPU.ActiveCfg = Release|Any CPU
		{9B178F57-CEFE-4BB9-BC3E-C5E4FB31BA82}.Release|Any CPU.Build.0 = Release|Any CPU
	EndGlobalSection
	GlobalSection(SolutionProperties) = preSolution
		HideSolutionNode = FALSE
	EndGlobalSection
	GlobalSection(ExtensibilityGlobals) = postSolution
		SolutionGuid = {1687E5D3-A620-4348-BD48-5628420F64A9}
	EndGlobalSection
EndGlobal
